
Microsoft Visual Studio Solution File, Format Version 12.00
# Visual Studio 15
VisualStudioVersion = 15.0.28307.1209
MinimumVisualStudioVersion = 10.0.40219.1
Project("{9A19103F-16F7-4668-BE54-9A1E7A4F7556}") = "OriginsMusic", "OriginsMusic.csproj", "{19006ACD-445E-4374-B552-C3F98CEEC784}"
EndProject
Global
	GlobalSection(SolutionConfigurationPlatforms) = preSolution
		Debug|Any CPU = Debug|Any CPU
		Release|Any CPU = Release|Any CPU
	EndGlobalSection
	GlobalSection(ProjectConfigurationPlatforms) = postSolution
		{19006ACD-445E-4374-B552-C3F98CEEC784}.Debug|Any CPU.ActiveCfg = Debug|Any CPU
		{19006ACD-445E-4374-B552-C3F98CEEC784}.Debug|Any CPU.Build.0 = Debug|Any CPU
		{19006ACD-445E-4374-B552-C3F98CEEC784}.Release|Any CPU.ActiveCfg = Release|Any CPU
		{19006ACD-445E-4374-B552-C3F98CEEC784}.Release|Any CPU.Build.0 = Release|Any CPU
	EndGlobalSection
	GlobalSection(SolutionProperties) = preSolution
		HideSolutionNode = FALSE
	EndGlobalSection
	GlobalSection(ExtensibilityGlobals) = postSolution
		SolutionGuid = {AF9855D5-A9A4-4280-A744-6DDFFF7A86B5}
	EndGlobalSection
EndGlobal
